
Microsoft Visual Studio Solution File, Format Version 12.00
# Visual Studio Version 17
VisualStudioVersion = 17.7.34221.43
MinimumVisualStudioVersion = 10.0.40219.1
Project("{FAE04EC0-301F-11D3-BF4B-00C04F79EFBC}") = "Password Generator", "Password Generator.csproj", "{FE8FEA89-EA63-4D4B-BD5F-8BD3A704AA69}"
EndProject
Global
	GlobalSection(SolutionConfigurationPlatforms) = preSolution
		Debug|Any CPU = Debug|Any CPU
		Release|Any CPU = Release|Any CPU
	EndGlobalSection
	GlobalSection(ProjectConfigurationPlatforms) = postSolution
		{FE8FEA89-EA63-4D4B-BD5F-8BD3A704AA69}.Debug|Any CPU.ActiveCfg = Debug|Any CPU
		{FE8FEA89-EA63-4D4B-BD5F-8BD3A704AA69}.Debug|Any CPU.Build.0 = Debug|Any CPU
		{FE8FEA89-EA63-4D4B-BD5F-8BD3A704AA69}.Release|Any CPU.ActiveCfg = Release|Any CPU
		{FE8FEA89-EA63-4D4B-BD5F-8BD3A704AA69}.Release|Any CPU.Build.0 = Release|Any CPU
	EndGlobalSection
	GlobalSection(SolutionProperties) = preSolution
		HideSolutionNode = FALSE
	EndGlobalSection
	GlobalSection(ExtensibilityGlobals) = postSolution
		SolutionGuid = {72DBE8F4-8231-4B17-86F6-705F05D14CF4}
	EndGlobalSection
EndGlobal
